
Microsoft Visual Studio Solution File, Format Version 12.00
# Visual Studio Version 17
VisualStudioVersion = 17.14.36414.22 d17.14
MinimumVisualStudioVersion = 10.0.40219.1
Project("{FAE04EC0-301F-11D3-BF4B-00C04F79EFBC}") = "DVLD", "DVLD.csproj", "{31EAB6FF-6E03-4B07-8135-40860533DAB2}"
EndProject
Project("{FAE04EC0-301F-11D3-BF4B-00C04F79EFBC}") = "DVLD-Buisness-Layer", "..\DVLD-Buisness-Layer\DVLD-Buisness-Layer.csproj", "{6E00A465-5D74-42E7-9944-2A2B41EA2E0B}"
EndProject
Project("{FAE04EC0-301F-11D3-BF4B-00C04F79EFBC}") = "DVLD-Data-Access", "..\DVLD-Data-Access\DVLD-Data-Access.csproj", "{C8750DF0-A94B-4451-9A49-EF8ED53D0761}"
EndProject
Global
	GlobalSection(SolutionConfigurationPlatforms) = preSolution
		Debug|Any CPU = Debug|Any CPU
		Release|Any CPU = Release|Any CPU
	EndGlobalSection
	GlobalSection(ProjectConfigurationPlatforms) = postSolution
		{31EAB6FF-6E03-4B07-8135-40860533DAB2}.Debug|Any CPU.ActiveCfg = Debug|Any CPU
		{31EAB6FF-6E03-4B07-8135-40860533DAB2}.Debug|Any CPU.Build.0 = Debug|Any CPU
		{31EAB6FF-6E03-4B07-8135-40860533DAB2}.Release|Any CPU.ActiveCfg = Release|Any CPU
		{31EAB6FF-6E03-4B07-8135-40860533DAB2}.Release|Any CPU.Build.0 = Release|Any CPU
		{6E00A465-5D74-42E7-9944-2A2B41EA2E0B}.Debug|Any CPU.ActiveCfg = Debug|Any CPU
		{6E00A465-5D74-42E7-9944-2A2B41EA2E0B}.Debug|Any CPU.Build.0 = Debug|Any CPU
		{6E00A465-5D74-42E7-9944-2A2B41EA2E0B}.Release|Any CPU.ActiveCfg = Release|Any CPU
		{6E00A465-5D74-42E7-9944-2A2B41EA2E0B}.Release|Any CPU.Build.0 = Release|Any CPU
		{C8750DF0-A94B-4451-9A49-EF8ED53D0761}.Debug|Any CPU.ActiveCfg = Debug|Any CPU
		{C8750DF0-A94B-4451-9A49-EF8ED53D0761}.Debug|Any CPU.Build.0 = Debug|Any CPU
		{C8750DF0-A94B-4451-9A49-EF8ED53D0761}.Release|Any CPU.ActiveCfg = Release|Any CPU
		{C8750DF0-A94B-4451-9A49-EF8ED53D0761}.Release|Any CPU.Build.0 = Release|Any CPU
	EndGlobalSection
	GlobalSection(SolutionProperties) = preSolution
		HideSolutionNode = FALSE
	EndGlobalSection
	GlobalSection(ExtensibilityGlobals) = postSolution
		SolutionGuid = {72E72534-76A0-4EE5-97DA-807A799A1018}
	EndGlobalSection
EndGlobal
